
Microsoft Visual Studio Solution File, Format Version 12.00
# Visual Studio Version 16
VisualStudioVersion = 16.0.31019.35
MinimumVisualStudioVersion = 10.0.40219.1
Project("{9A19103F-16F7-4668-BE54-9A1E7A4F7556}") = "dotNetRogueLootAPI", "dotnetRogueLootAPI/dotNetRogueLootAPI.csproj", "{F87CFA24-DF00-4EFE-B15B-F794A6173783}"
EndProject
Project("{FAE04EC0-301F-11D3-BF4B-00C04F79EFBC}") = "dotNetRogueLootAPI.Tests", "dotNetRogueLootAPI.Tests\dotNetRogueLootAPI.Tests.csproj", "{542DD12F-D6A4-4725-9DD3-42CDF7454C1D}"
EndProject
Global
	GlobalSection(SolutionConfigurationPlatforms) = preSolution
		Debug|Any CPU = Debug|Any CPU
		Release|Any CPU = Release|Any CPU
	EndGlobalSection
	GlobalSection(ProjectConfigurationPlatforms) = postSolution
		{F87CFA24-DF00-4EFE-B15B-F794A6173783}.Debug|Any CPU.ActiveCfg = Debug|Any CPU
		{F87CFA24-DF00-4EFE-B15B-F794A6173783}.Debug|Any CPU.Build.0 = Debug|Any CPU
		{F87CFA24-DF00-4EFE-B15B-F794A6173783}.Release|Any CPU.ActiveCfg = Release|Any CPU
		{F87CFA24-DF00-4EFE-B15B-F794A6173783}.Release|Any CPU.Build.0 = Release|Any CPU
		{542DD12F-D6A4-4725-9DD3-42CDF7454C1D}.Debug|Any CPU.ActiveCfg = Debug|Any CPU
		{542DD12F-D6A4-4725-9DD3-42CDF7454C1D}.Debug|Any CPU.Build.0 = Debug|Any CPU
		{542DD12F-D6A4-4725-9DD3-42CDF7454C1D}.Release|Any CPU.ActiveCfg = Release|Any CPU
		{542DD12F-D6A4-4725-9DD3-42CDF7454C1D}.Release|Any CPU.Build.0 = Release|Any CPU
	EndGlobalSection
	GlobalSection(SolutionProperties) = preSolution
		HideSolutionNode = FALSE
	EndGlobalSection
	GlobalSection(ExtensibilityGlobals) = postSolution
		SolutionGuid = {5CECF7A4-5880-45B5-91AB-AC11254A3769}
	EndGlobalSection
EndGlobal
